PODS:
  - IKEventSource (3.0.1)
  - Kingfisher (7.4.1)
  - URLImage (2.2.5):
    - URLImage/Common (= 2.2.5)
    - URLImage/DownloadManager (= 2.2.5)
    - URLImage/FileIndex (= 2.2.5)
    - URLImage/ImageDecoder (= 2.2.5)
    - URLImage/Log (= 2.2.5)
    - URLImage/PlainDatabase (= 2.2.5)
    - URLImage/RemoteContentView (= 2.2.5)
  - URLImage/Common (2.2.5)
  - URLImage/DownloadManager (2.2.5):
    - URLImage/Log
  - URLImage/FileIndex (2.2.5):
    - URLImage/Common
    - URLImage/Log
    - URLImage/PlainDatabase
  - URLImage/ImageDecoder (2.2.5)
  - URLImage/Log (2.2.5)
  - URLImage/PlainDatabase (2.2.5)
  - URLImage/RemoteContentView (2.2.5)

DEPENDENCIES:
  - IKEventSource
  - Kingfisher
  - URLImage

SPEC REPOS:
  trunk:
    - IKEventSource
    - Kingfisher
    - URLImage

SPEC CHECKSUMS:
  IKEventSource: ababa323587c6b0c250dd54d4a48ab68fd845e8e
  Kingfisher: cd762a593a61b2fbecf7645c00f9a801a3ebfc9c
  URLImage: 36a66c03ba2a9ccbbf06bc83431f2cef171008e8

PODFILE CHECKSUM: 54c35074f771024cf17616d64c78f9a860eb5f58

COCOAPODS: 1.11.3
